
Microsoft Visual Studio Solution File, Format Version 12.00
# Visual Studio 15
VisualStudioVersion = 15.0.28010.2036
MinimumVisualStudioVersion = 10.0.40219.1
Project("{9A19103F-16F7-4668-BE54-9A1E7A4F7556}") = "P01_HarvestingFields", "P01_HarvestingFields\P01_HarvestingFields.csproj", "{54BD73FC-DC44-4B7F-8331-2C94D8B698F0}"
EndProject
Project("{9A19103F-16F7-4668-BE54-9A1E7A4F7556}") = "P02_BlackBoxInteger", "P02_BlackBoxInteger\P02_BlackBoxInteger.csproj", "{03148194-B7A0-4F00-8DE3-AE3A5DFEA602}"
EndProject
Project("{9A19103F-16F7-4668-BE54-9A1E7A4F7556}") = "P03_BarraksWars", "P03_BarraksWars\P03_BarraksWars.csproj", "{35D53FA5-CC46-47A0-BB87-7999696E2FD3}"
EndProject
Global
	GlobalSection(SolutionConfigurationPlatforms) = preSolution
		Debug|Any CPU = Debug|Any CPU
		Release|Any CPU = Release|Any CPU
	EndGlobalSection
	GlobalSection(ProjectConfigurationPlatforms) = postSolution
		{54BD73FC-DC44-4B7F-8331-2C94D8B698F0}.Debug|Any CPU.ActiveCfg = Debug|Any CPU
		{54BD73FC-DC44-4B7F-8331-2C94D8B698F0}.Debug|Any CPU.Build.0 = Debug|Any CPU
		{54BD73FC-DC44-4B7F-8331-2C94D8B698F0}.Release|Any CPU.ActiveCfg = Release|Any CPU
		{54BD73FC-DC44-4B7F-8331-2C94D8B698F0}.Release|Any CPU.Build.0 = Release|Any CPU
		{03148194-B7A0-4F00-8DE3-AE3A5DFEA602}.Debug|Any CPU.ActiveCfg = Debug|Any CPU
		{03148194-B7A0-4F00-8DE3-AE3A5DFEA602}.Debug|Any CPU.Build.0 = Debug|Any CPU
		{03148194-B7A0-4F00-8DE3-AE3A5DFEA602}.Release|Any CPU.ActiveCfg = Release|Any CPU
		{03148194-B7A0-4F00-8DE3-AE3A5DFEA602}.Release|Any CPU.Build.0 = Release|Any CPU
		{35D53FA5-CC46-47A0-BB87-7999696E2FD3}.Debug|Any CPU.ActiveCfg = Debug|Any CPU
		{35D53FA5-CC46-47A0-BB87-7999696E2FD3}.Debug|Any CPU.Build.0 = Debug|Any CPU
		{35D53FA5-CC46-47A0-BB87-7999696E2FD3}.Release|Any CPU.ActiveCfg = Release|Any CPU
		{35D53FA5-CC46-47A0-BB87-7999696E2FD3}.Release|Any CPU.Build.0 = Release|Any CPU
	EndGlobalSection
	GlobalSection(SolutionProperties) = preSolution
		HideSolutionNode = FALSE
	EndGlobalSection
	GlobalSection(ExtensibilityGlobals) = postSolution
		SolutionGuid = {8AC870BB-B01F-4EE3-95C2-E4786841F0CD}
	EndGlobalSection
EndGlobal
